
Microsoft Visual Studio Solution File, Format Version 12.00
# Visual Studio Version 17
VisualStudioVersion = 17.8.34525.116
MinimumVisualStudioVersion = 10.0.40219.1
Project("{FAE04EC0-301F-11D3-BF4B-00C04F79EFBC}") = "BED5EsercizioSettimanale", "BED5EsercizioSettimanale\BED5EsercizioSettimanale.csproj", "{EC7024BF-7A72-4FA9-96D9-33175DB6906A}"
EndProject
Global
	GlobalSection(SolutionConfigurationPlatforms) = preSolution
		Debug|Any CPU = Debug|Any CPU
		Release|Any CPU = Release|Any CPU
	EndGlobalSection
	GlobalSection(ProjectConfigurationPlatforms) = postSolution
		{EC7024BF-7A72-4FA9-96D9-33175DB6906A}.Debug|Any CPU.ActiveCfg = Debug|Any CPU
		{EC7024BF-7A72-4FA9-96D9-33175DB6906A}.Debug|Any CPU.Build.0 = Debug|Any CPU
		{EC7024BF-7A72-4FA9-96D9-33175DB6906A}.Release|Any CPU.ActiveCfg = Release|Any CPU
		{EC7024BF-7A72-4FA9-96D9-33175DB6906A}.Release|Any CPU.Build.0 = Release|Any CPU
	EndGlobalSection
	GlobalSection(SolutionProperties) = preSolution
		HideSolutionNode = FALSE
	EndGlobalSection
	GlobalSection(ExtensibilityGlobals) = postSolution
		SolutionGuid = {EEE89A43-F97F-4E02-9C00-AB0FB173E4F5}
	EndGlobalSection
EndGlobal
